<?xml version="1.0" encoding="utf-8"?>
<Project xmlns="http://schemas.microsoft.com/developer/msbuild/2003">
  <ItemGroup>
    <Filter Include="Form Files">
      <UniqueIdentifier>{99349809-55BA-4b9d-BF79-8FDBB0286EB3}</UniqueIdentifier>
      <Extensions>ui</Extensions>
      <ParseFiles>false</ParseFiles>
    </Filter>
    <Filter Include="Form Files">
      <UniqueIdentifier>{99349809-55BA-4b9d-BF79-8FDBB0286EB3}</UniqueIdentifier>
      <Extensions>ui</Extensions>
      <ParseFiles>false</ParseFiles>
    </Filter>
    <Filter Include="Generated Files">
      <UniqueIdentifier>{71ED8ED8-ACB9-4CE9-BBE1-E00B30144E11}</UniqueIdentifier>
      <Extensions>cpp;c;cxx;moc;h;def;odl;idl;res;</Extensions>
    </Filter>
    <Filter Include="Generated Files">
      <UniqueIdentifier>{71ED8ED8-ACB9-4CE9-BBE1-E00B30144E11}</UniqueIdentifier>
      <Extensions>cpp;c;cxx;moc;h;def;odl;idl;res;</Extensions>
    </Filter>
    <Filter Include="Header Files">
      <UniqueIdentifier>{93995380-89BD-4b04-88EB-625FBE52EBFB}</UniqueIdentifier>
      <Extensions>h;hpp;hxx;hm;inl;inc;xsd</Extensions>
    </Filter>
    <Filter Include="Header Files">
      <UniqueIdentifier>{93995380-89BD-4b04-88EB-625FBE52EBFB}</UniqueIdentifier>
      <Extensions>h;hpp;hxx;hm;inl;inc;xsd</Extensions>
    </Filter>
    <Filter Include="Resource Files">
      <UniqueIdentifier>{D9D6E242-F8AF-46E4-B9FD-80ECBC20BA3E}</UniqueIdentifier>
      <Extensions>qrc;*</Extensions>
      <ParseFiles>false</ParseFiles>
    </Filter>
    <Filter Include="Resource Files">
      <UniqueIdentifier>{D9D6E242-F8AF-46E4-B9FD-80ECBC20BA3E}</UniqueIdentifier>
      <Extensions>qrc;*</Extensions>
      <ParseFiles>false</ParseFiles>
    </Filter>
    <Filter Include="Source Files">
      <UniqueIdentifier>{4FC737F1-C7A5-4376-A066-2A32D752A2FF}</UniqueIdentifier>
      <Extensions>cpp;c;cxx;def;odl;idl;hpj;bat;asm;asmx</Extensions>
    </Filter>
    <Filter Include="Source Files">
      <UniqueIdentifier>{4FC737F1-C7A5-4376-A066-2A32D752A2FF}</UniqueIdentifier>
      <Extensions>cpp;c;cxx;def;odl;idl;hpj;bat;asm;asmx</Extensions>
    </Filter>
  </ItemGroup>
  <ItemGroup>
    <ClCompile Include="Board.cpp">
      <Filter>Source Files</Filter>
    </ClCompile>
    <ClCompile Include="ChessBoard.cpp">
      <Filter>Source Files</Filter>
    </ClCompile>
    <ClCompile Include="ChessPiece.cpp">
      <Filter>Source Files</Filter>
    </ClCompile>
    <ClCompile Include="ChuShogiBoard.cpp">
      <Filter>Source Files</Filter>
    </ClCompile>
    <ClCompile Include="ChuShogiPiece.cpp">
      <Filter>Source Files</Filter>
    </ClCompile>
    <ClCompile Include="Engine.cpp">
      <Filter>Source Files</Filter>
    </ClCompile>
    <ClCompile Include="IniFile.cpp">
      <Filter>Source Files</Filter>
    </ClCompile>
    <ClCompile Include="MiniShogiBoard.cpp">
      <Filter>Source Files</Filter>
    </ClCompile>
    <ClCompile Include="Piece.cpp">
      <Filter>Source Files</Filter>
    </ClCompile>
    <ClCompile Include="QianhongEngine.cpp">
      <Filter>Source Files</Filter>
    </ClCompile>
    <ClCompile Include="ShogiBoard.cpp">
      <Filter>Source Files</Filter>
    </ClCompile>
    <ClCompile Include="ShogiPiece.cpp">
      <Filter>Source Files</Filter>
    </ClCompile>
    <ClCompile Include="UcciEngine.cpp">
      <Filter>Source Files</Filter>
    </ClCompile>
    <ClCompile Include="UciEngine.cpp">
      <Filter>Source Files</Filter>
    </ClCompile>
    <ClCompile Include="UsiEngine.cpp">
      <Filter>Source Files</Filter>
    </ClCompile>
    <ClCompile Include="WbEngine.cpp">
      <Filter>Source Files</Filter>
    </ClCompile>
    <ClCompile Include="XiangqiBoard.cpp">
      <Filter>Source Files</Filter>
    </ClCompile>
    <ClCompile Include="XiangqiPiece.cpp">
      <Filter>Source Files</Filter>
    </ClCompile>
    <ClCompile Include="addenginedialog.cpp">
      <Filter>Source Files</Filter>
    </ClCompile>
    <ClCompile Include="comboboxitemdelegate.cpp">
      <Filter>Source Files</Filter>
    </ClCompile>
    <ClCompile Include="enginemanager.cpp">
      <Filter>Source Files</Filter>
    </ClCompile>
    <ClCompile Include="main.cpp">
      <Filter>Source Files</Filter>
    </ClCompile>
    <ClCompile Include="mainwindow.cpp">
      <Filter>Source Files</Filter>
    </ClCompile>
    <ClCompile Include="settingsdialog.cpp">
      <Filter>Source Files</Filter>
    </ClCompile>
    <ClCompile Include="vboard.cpp">
      <Filter>Source Files</Filter>
    </ClCompile>
    <ClCompile Include="newgamedialog.cpp">
      <Filter>Source Files</Filter>
    </ClCompile>
    <ClCompile Include="ShogiVariantBoard.cpp">
      <Filter>Source Files</Filter>
    </ClCompile>
    <ClCompile Include="promotiondialog.cpp">
      <Filter>Source Files</Filter>
    </ClCompile>
    <ClCompile Include="KanjiPiece.cpp">
      <Filter>Source Files</Filter>
    </ClCompile>
    <ClCompile Include="JudkinShogiBoard.cpp">
      <Filter>Source Files</Filter>
    </ClCompile>
    <ClCompile Include="ShatranjPiece.cpp">
      <Filter>Source Files</Filter>
    </ClCompile>
    <ClCompile Include="ShatranjBoard.cpp">
      <Filter>Source Files</Filter>
    </ClCompile>
    <ClCompile Include="MakrukPiece.cpp">
      <Filter>Source Files</Filter>
    </ClCompile>
    <ClCompile Include="MakrukBoard.cpp">
      <Filter>Source Files</Filter>
    </ClCompile>
    <ClCompile Include="DaiShogiPiece.cpp">
      <Filter>Source Files</Filter>
    </ClCompile>
    <ClCompile Include="DaiShogiBoard.cpp">
      <Filter>Source Files</Filter>
    </ClCompile>
    <ClCompile Include="WaShogiPiece.cpp">
      <Filter>Source Files</Filter>
    </ClCompile>
    <ClCompile Include="WaShogiBoard.cpp">
      <Filter>Source Files</Filter>
    </ClCompile>
  </ItemGroup>
  <ItemGroup>
    <ClInclude Include="Board.h">
      <Filter>Header Files</Filter>
    </ClInclude>
    <ClInclude Include="ChessBoard.h">
      <Filter>Header Files</Filter>
    </ClInclude>
    <ClInclude Include="ChessPiece.h">
      <Filter>Header Files</Filter>
    </ClInclude>
    <ClInclude Include="ChuShogiBoard.h">
      <Filter>Header Files</Filter>
    </ClInclude>
    <ClInclude Include="ChuShogiPiece.h">
      <Filter>Header Files</Filter>
    </ClInclude>
    <ClInclude Include="Common.h">
      <Filter>Header Files</Filter>
    </ClInclude>
    <ClInclude Include="Engine.h">
      <Filter>Header Files</Filter>
    </ClInclude>
    <ClInclude Include="IniFile.h">
      <Filter>Header Files</Filter>
    </ClInclude>
    <ClInclude Include="MiniShogiBoard.h">
      <Filter>Header Files</Filter>
    </ClInclude>
    <ClInclude Include="Piece.h">
      <Filter>Header Files</Filter>
    </ClInclude>
    <ClInclude Include="QianhongEngine.h">
      <Filter>Header Files</Filter>
    </ClInclude>
    <ClInclude Include="ShogiBoard.h">
      <Filter>Header Files</Filter>
    </ClInclude>
    <ClInclude Include="ShogiPiece.h">
      <Filter>Header Files</Filter>
    </ClInclude>
    <ClInclude Include="UcciEngine.h">
      <Filter>Header Files</Filter>
    </ClInclude>
    <ClInclude Include="UciEngine.h">
      <Filter>Header Files</Filter>
    </ClInclude>
    <ClInclude Include="UsiEngine.h">
      <Filter>Header Files</Filter>
    </ClInclude>
    <ClInclude Include="WbEngine.h">
      <Filter>Header Files</Filter>
    </ClInclude>
    <ClInclude Include="XiangqiBoard.h">
      <Filter>Header Files</Filter>
    </ClInclude>
    <ClInclude Include="XiangqiPiece.h">
      <Filter>Header Files</Filter>
    </ClInclude>
    <QtMoc Include="addenginedialog.h">
      <Filter>Header Files</Filter>
    </QtMoc>
    <QtMoc Include="comboboxitemdelegate.h">
      <Filter>Header Files</Filter>
    </QtMoc>
    <QtMoc Include="enginemanager.h">
      <Filter>Header Files</Filter>
    </QtMoc>
    <QtMoc Include="mainwindow.h">
      <Filter>Header Files</Filter>
    </QtMoc>
    <QtMoc Include="settingsdialog.h">
      <Filter>Header Files</Filter>
    </QtMoc>
    <QtMoc Include="vboard.h">
      <Filter>Header Files</Filter>
    </QtMoc>
    <ClInclude Include="ShogiVariantBoard.h">
      <Filter>Header Files</Filter>
    </ClInclude>
    <ClInclude Include="KanjiPiece.h">
      <Filter>Header Files</Filter>
    </ClInclude>
    <ClInclude Include="JudkinShogiBoard.h">
      <Filter>Header Files</Filter>
    </ClInclude>
    <ClInclude Include="ShatranjBoard.h">
      <Filter>Header Files</Filter>
    </ClInclude>
    <ClInclude Include="ShatranjPiece.h">
      <Filter>Header Files</Filter>
    </ClInclude>
    <ClInclude Include="MakrukBoard.h">
      <Filter>Header Files</Filter>
    </ClInclude>
    <ClInclude Include="MakrukPiece.h">
      <Filter>Header Files</Filter>
    </ClInclude>
    <ClInclude Include="DaiShogiBoard.h">
      <Filter>Header Files</Filter>
    </ClInclude>
    <ClInclude Include="DaiShogiPiece.h">
      <Filter>Header Files</Filter>
    </ClInclude>
    <ClInclude Include="WaShogiBoard.h">
      <Filter>Header Files</Filter>
    </ClInclude>
    <ClInclude Include="WaShogiPiece.h">
      <Filter>Header Files</Filter>
    </ClInclude>
  </ItemGroup>
  <ItemGroup>
    <CustomBuild Include="debug\moc_predefs.h.cbt">
      <Filter>Generated Files</Filter>
    </CustomBuild>
    <CustomBuild Include="release\moc_predefs.h.cbt">
      <Filter>Generated Files</Filter>
    </CustomBuild>
  </ItemGroup>
  <ItemGroup>
    <QtUic Include="addenginedialog.ui">
      <Filter>Form Files</Filter>
    </QtUic>
    <QtUic Include="enginemanager.ui">
      <Filter>Form Files</Filter>
    </QtUic>
    <QtUic Include="mainwindow.ui">
      <Filter>Form Files</Filter>
    </QtUic>
    <QtUic Include="settingsdialog.ui">
      <Filter>Form Files</Filter>
    </QtUic>
    <QtUic Include="newgamedialog.ui">
      <Filter>Form Files</Filter>
    </QtUic>
    <QtUic Include="promotiondialog.ui">
      <Filter>Form Files</Filter>
    </QtUic>
  </ItemGroup>
  <ItemGroup>
    <None Include="toolbar\About.png">
      <Filter>Resource Files</Filter>
    </None>
    <None Include="toolbar\Add.png">
      <Filter>Resource Files</Filter>
    </None>
    <None Include="images\BlackAdvisor.png">
      <Filter>Resource Files</Filter>
    </None>
    <None Include="images_jap\BlackAdvisor.png">
      <Filter>Resource Files</Filter>
    </None>
    <None Include="images\BlackArchbishop.png">
      <Filter>Resource Files</Filter>
    </None>
    <None Include="images_jap\BlackArchbishop.png">
      <Filter>Resource Files</Filter>
    </None>
    <None Include="images\BlackBishop.png">
      <Filter>Resource Files</Filter>
    </None>
    <None Include="images_jap\BlackBishop.png">
      <Filter>Resource Files</Filter>
    </None>
    <None Include="images\BlackCanon.png">
      <Filter>Resource Files</Filter>
    </None>
    <None Include="images_jap\BlackCanon.png">
      <Filter>Resource Files</Filter>
    </None>
    <None Include="images\BlackChancellor.png">
      <Filter>Resource Files</Filter>
    </None>
    <None Include="images_jap\BlackChancellor.png">
      <Filter>Resource Files</Filter>
    </None>
    <None Include="images\BlackClaw.png">
      <Filter>Resource Files</Filter>
    </None>
    <None Include="images_jap\BlackClaw.png">
      <Filter>Resource Files</Filter>
    </None>
    <None Include="images\BlackCobra.png">
      <Filter>Resource Files</Filter>
    </None>
    <None Include="images_jap\BlackCobra.png">
      <Filter>Resource Files</Filter>
    </None>
    <None Include="images\BlackCopper.png">
      <Filter>Resource Files</Filter>
    </None>
    <None Include="images_jap\BlackCopper.png">
      <Filter>Resource Files</Filter>
    </None>
    <None Include="images\BlackCrownedBishop.png">
      <Filter>Resource Files</Filter>
    </None>
    <None Include="images_jap\BlackCrownedBishop.png">
      <Filter>Resource Files</Filter>
    </None>
    <None Include="images\BlackCrownedRook.png">
      <Filter>Resource Files</Filter>
    </None>
    <None Include="images_jap\BlackCrownedRook.png">
      <Filter>Resource Files</Filter>
    </None>
    <None Include="images\BlackDolphin.png">
      <Filter>Resource Files</Filter>
    </None>
    <None Include="images_jap\BlackDolphin.png">
      <Filter>Resource Files</Filter>
    </None>
    <None Include="images\BlackElephant.png">
      <Filter>Resource Files</Filter>
    </None>
    <None Include="images_jap\BlackElephant.png">
      <Filter>Resource Files</Filter>
    </None>
    <None Include="images\BlackGold.png">
      <Filter>Resource Files</Filter>
    </None>
    <None Include="images_jap\BlackGold.png">
      <Filter>Resource Files</Filter>
    </None>
    <None Include="images\BlackHCrown.png">
      <Filter>Resource Files</Filter>
    </None>
    <None Include="images_jap\BlackHCrown.png">
      <Filter>Resource Files</Filter>
    </None>
    <None Include="images\BlackHSword.png">
      <Filter>Resource Files</Filter>
    </None>
    <None Include="images_jap\BlackHSword.png">
      <Filter>Resource Files</Filter>
    </None>
    <None Include="images\BlackHawk.png">
      <Filter>Resource Files</Filter>
    </None>
    <None Include="images_jap\BlackHawk.png">
      <Filter>Resource Files</Filter>
    </None>
    <None Include="images\BlackKing.png">
      <Filter>Resource Files</Filter>
    </None>
    <None Include="images_jap\BlackKing.png">
      <Filter>Resource Files</Filter>
    </None>
    <None Include="images\BlackKnight.png">
      <Filter>Resource Files</Filter>
    </None>
    <None Include="images_jap\BlackKnight.png">
      <Filter>Resource Files</Filter>
    </None>
    <None Include="images\BlackLance.png">
      <Filter>Resource Files</Filter>
    </None>
    <None Include="images_jap\BlackLance.png">
      <Filter>Resource Files</Filter>
    </None>
    <None Include="images\BlackLeopard.png">
      <Filter>Resource Files</Filter>
    </None>
    <None Include="images_jap\BlackLeopard.png">
      <Filter>Resource Files</Filter>
    </None>
    <None Include="images\BlackLion.png">
      <Filter>Resource Files</Filter>
    </None>
    <None Include="images_jap\BlackLion.png">
      <Filter>Resource Files</Filter>
    </None>
    <None Include="images\BlackMarshall.png">
      <Filter>Resource Files</Filter>
    </None>
    <None Include="images_jap\BlackMarshall.png">
      <Filter>Resource Files</Filter>
    </None>
    <None Include="images\BlackPawn.png">
      <Filter>Resource Files</Filter>
    </None>
    <None Include="images_jap\BlackPawn.png">
      <Filter>Resource Files</Filter>
    </None>
    <None Include="images_jap\BlackPrince.png">
      <Filter>Resource Files</Filter>
    </None>
    <None Include="images\BlackPrincess.png">
      <Filter>Resource Files</Filter>
    </None>
    <None Include="images_jap\BlackPrincess.png">
      <Filter>Resource Files</Filter>
    </None>
    <None Include="images\BlackQueen.png">
      <Filter>Resource Files</Filter>
    </None>
    <None Include="images_jap\BlackQueen.png">
      <Filter>Resource Files</Filter>
    </None>
    <None Include="images\BlackRook.png">
      <Filter>Resource Files</Filter>
    </None>
    <None Include="images_jap\BlackRook.png">
      <Filter>Resource Files</Filter>
    </None>
    <None Include="images\BlackSword.png">
      <Filter>Resource Files</Filter>
    </None>
    <None Include="images_jap\BlackSword.png">
      <Filter>Resource Files</Filter>
    </None>
    <None Include="images_jap\BlackTokin.png">
      <Filter>Resource Files</Filter>
    </None>
    <None Include="images\BlackUnicorn.png">
      <Filter>Resource Files</Filter>
    </None>
    <None Include="images_jap\BlackUnicorn.png">
      <Filter>Resource Files</Filter>
    </None>
    <None Include="toolbar\Edit.png">
      <Filter>Resource Files</Filter>
    </None>
    <None Include="toolbar\Exit.png">
      <Filter>Resource Files</Filter>
    </None>
    <None Include="toolbar\New.png">
      <Filter>Resource Files</Filter>
    </None>
    <None Include="toolbar\Open.png">
      <Filter>Resource Files</Filter>
    </None>
    <None Include="toolbar\QBoard.icns">
      <Filter>Resource Files</Filter>
    </None>
    <None Include="toolbar\QBoard.ico">
      <Filter>Resource Files</Filter>
    </None>
    <None Include="toolbar\Remove.png">
      <Filter>Resource Files</Filter>
    </None>
    <None Include="toolbar\Save.png">
      <Filter>Resource Files</Filter>
    </None>
    <None Include="toolbar\Settings.png">
      <Filter>Resource Files</Filter>
    </None>
    <None Include="toolbar\Stop.png">
      <Filter>Resource Files</Filter>
    </None>
    <None Include="toolbar\Table.png">
      <Filter>Resource Files</Filter>
    </None>
    <None Include="images\WhiteAdvisor.png">
      <Filter>Resource Files</Filter>
    </None>
    <None Include="images_jap\WhiteAdvisor.png">
      <Filter>Resource Files</Filter>
    </None>
    <None Include="images\WhiteArchbishop.png">
      <Filter>Resource Files</Filter>
    </None>
    <None Include="images_jap\WhiteArchbishop.png">
      <Filter>Resource Files</Filter>
    </None>
    <None Include="images\WhiteBishop.png">
      <Filter>Resource Files</Filter>
    </None>
    <None Include="images_jap\WhiteBishop.png">
      <Filter>Resource Files</Filter>
    </None>
    <None Include="images\WhiteCanon.png">
      <Filter>Resource Files</Filter>
    </None>
    <None Include="images_jap\WhiteCanon.png">
      <Filter>Resource Files</Filter>
    </None>
    <None Include="images\WhiteChancellor.png">
      <Filter>Resource Files</Filter>
    </None>
    <None Include="images_jap\WhiteChancellor.png">
      <Filter>Resource Files</Filter>
    </None>
    <None Include="images\WhiteClaw.png">
      <Filter>Resource Files</Filter>
    </None>
    <None Include="images_jap\WhiteClaw.png">
      <Filter>Resource Files</Filter>
    </None>
    <None Include="images\WhiteCobra.png">
      <Filter>Resource Files</Filter>
    </None>
    <None Include="images_jap\WhiteCobra.png">
      <Filter>Resource Files</Filter>
    </None>
    <None Include="images\WhiteCopper.png">
      <Filter>Resource Files</Filter>
    </None>
    <None Include="images_jap\WhiteCopper.png">
      <Filter>Resource Files</Filter>
    </None>
    <None Include="images\WhiteCrownedBishop.png">
      <Filter>Resource Files</Filter>
    </None>
    <None Include="images_jap\WhiteCrownedBishop.png">
      <Filter>Resource Files</Filter>
    </None>
    <None Include="images\WhiteCrownedRook.png">
      <Filter>Resource Files</Filter>
    </None>
    <None Include="images_jap\WhiteCrownedRook.png">
      <Filter>Resource Files</Filter>
    </None>
    <None Include="images\WhiteDolphin.png">
      <Filter>Resource Files</Filter>
    </None>
    <None Include="images_jap\WhiteDolphin.png">
      <Filter>Resource Files</Filter>
    </None>
    <None Include="images\WhiteElephant.png">
      <Filter>Resource Files</Filter>
    </None>
    <None Include="images_jap\WhiteElephant.png">
      <Filter>Resource Files</Filter>
    </None>
    <None Include="images\WhiteGold.png">
      <Filter>Resource Files</Filter>
    </None>
    <None Include="images_jap\WhiteGold.png">
      <Filter>Resource Files</Filter>
    </None>
    <None Include="images\WhiteHCrown.png">
      <Filter>Resource Files</Filter>
    </None>
    <None Include="images_jap\WhiteHCrown.png">
      <Filter>Resource Files</Filter>
    </None>
    <None Include="images\WhiteHSword.png">
      <Filter>Resource Files</Filter>
    </None>
    <None Include="images_jap\WhiteHSword.png">
      <Filter>Resource Files</Filter>
    </None>
    <None Include="images\WhiteHawk.png">
      <Filter>Resource Files</Filter>
    </None>
    <None Include="images_jap\WhiteHawk.png">
      <Filter>Resource Files</Filter>
    </None>
    <None Include="images\WhiteKing.png">
      <Filter>Resource Files</Filter>
    </None>
    <None Include="images_jap\WhiteKing.png">
      <Filter>Resource Files</Filter>
    </None>
    <None Include="images\WhiteKnight.png">
      <Filter>Resource Files</Filter>
    </None>
    <None Include="images_jap\WhiteKnight.png">
      <Filter>Resource Files</Filter>
    </None>
    <None Include="images\WhiteLance.png">
      <Filter>Resource Files</Filter>
    </None>
    <None Include="images_jap\WhiteLance.png">
      <Filter>Resource Files</Filter>
    </None>
    <None Include="images\WhiteLeopard.png">
      <Filter>Resource Files</Filter>
    </None>
    <None Include="images_jap\WhiteLeopard.png">
      <Filter>Resource Files</Filter>
    </None>
    <None Include="images\WhiteLion.png">
      <Filter>Resource Files</Filter>
    </None>
    <None Include="images_jap\WhiteLion.png">
      <Filter>Resource Files</Filter>
    </None>
    <None Include="images\WhiteMarshall.png">
      <Filter>Resource Files</Filter>
    </None>
    <None Include="images_jap\WhiteMarshall.png">
      <Filter>Resource Files</Filter>
    </None>
    <None Include="images\WhitePawn.png">
      <Filter>Resource Files</Filter>
    </None>
    <None Include="images_jap\WhitePawn.png">
      <Filter>Resource Files</Filter>
    </None>
    <None Include="images_jap\WhitePrince.png">
      <Filter>Resource Files</Filter>
    </None>
    <None Include="images\WhitePrincess.png">
      <Filter>Resource Files</Filter>
    </None>
    <None Include="images_jap\WhitePrincess.png">
      <Filter>Resource Files</Filter>
    </None>
    <None Include="images\WhiteQueen.png">
      <Filter>Resource Files</Filter>
    </None>
    <None Include="images_jap\WhiteQueen.png">
      <Filter>Resource Files</Filter>
    </None>
    <None Include="images\WhiteRook.png">
      <Filter>Resource Files</Filter>
    </None>
    <None Include="images_jap\WhiteRook.png">
      <Filter>Resource Files</Filter>
    </None>
    <None Include="images\WhiteSword.png">
      <Filter>Resource Files</Filter>
    </None>
    <None Include="images_jap\WhiteSword.png">
      <Filter>Resource Files</Filter>
    </None>
    <None Include="images_jap\WhiteTokin.png">
      <Filter>Resource Files</Filter>
    </None>
    <None Include="images\WhiteUnicorn.png">
      <Filter>Resource Files</Filter>
    </None>
    <None Include="images_jap\WhiteUnicorn.png">
      <Filter>Resource Files</Filter>
    </None>
    <None Include="images_chi\badvisor.png">
      <Filter>Resource Files</Filter>
    </None>
    <None Include="images_chi\bcannon.png">
      <Filter>Resource Files</Filter>
    </None>
    <None Include="images_chi\bchariot.png">
      <Filter>Resource Files</Filter>
    </None>
    <None Include="images_chi\belephant.png">
      <Filter>Resource Files</Filter>
    </None>
    <None Include="images_chi\bhorse.png">
      <Filter>Resource Files</Filter>
    </None>
    <None Include="images_chi\bking.png">
      <Filter>Resource Files</Filter>
    </None>
    <None Include="images_chi\bpawn.png">
      <Filter>Resource Files</Filter>
    </None>
    <None Include="images_chi\radvisor.png">
      <Filter>Resource Files</Filter>
    </None>
    <None Include="images_chi\rcannon.png">
      <Filter>Resource Files</Filter>
    </None>
    <None Include="images_chi\rchariot.png">
      <Filter>Resource Files</Filter>
    </None>
    <None Include="images_chi\relephant.png">
      <Filter>Resource Files</Filter>
    </None>
    <QtRcc Include="resources.qrc">
      <Filter>Resource Files</Filter>
    </QtRcc>
    <None Include="images_chi\rhorse.png">
      <Filter>Resource Files</Filter>
    </None>
    <None Include="images_chi\rking.png">
      <Filter>Resource Files</Filter>
    </None>
    <None Include="images_chi\rpawn.png">
      <Filter>Resource Files</Filter>
    </None>
  </ItemGroup>
  <ItemGroup>
    <ResourceCompile Include=".\QBoard_resource.rc" />
  </ItemGroup>
  <ItemGroup>
    <QtMoc Include="newgamedialog.h">
      <Filter>Header Files</Filter>
    </QtMoc>
    <QtMoc Include="promotiondialog.h">
      <Filter>Header Files</Filter>
    </QtMoc>
  </ItemGroup>
  <ItemGroup>
    <Image Include="images_sho\BlackAdvisor.png">
      <Filter>Resource Files</Filter>
    </Image>
    <Image Include="images_sho\BlackBishop.png">
      <Filter>Resource Files</Filter>
    </Image>
    <Image Include="images_sho\BlackCrownedBishop.png">
      <Filter>Resource Files</Filter>
    </Image>
    <Image Include="images_sho\BlackCrownedRook.png">
      <Filter>Resource Files</Filter>
    </Image>
    <Image Include="images_sho\BlackElephant.png">
      <Filter>Resource Files</Filter>
    </Image>
    <Image Include="images_sho\BlackGold.png">
      <Filter>Resource Files</Filter>
    </Image>
    <Image Include="images_sho\BlackGoldKnight.png">
      <Filter>Resource Files</Filter>
    </Image>
    <Image Include="images_sho\BlackGoldLance.png">
      <Filter>Resource Files</Filter>
    </Image>
    <Image Include="images_sho\BlackGoldPawn.png">
      <Filter>Resource Files</Filter>
    </Image>
    <Image Include="images_sho\BlackGoldSilver.png">
      <Filter>Resource Files</Filter>
    </Image>
    <Image Include="images_sho\BlackKing.png">
      <Filter>Resource Files</Filter>
    </Image>
    <Image Include="images_sho\BlackKnight.png">
      <Filter>Resource Files</Filter>
    </Image>
    <Image Include="images_sho\BlackLance.png">
      <Filter>Resource Files</Filter>
    </Image>
    <Image Include="images_sho\BlackPawn.png">
      <Filter>Resource Files</Filter>
    </Image>
    <Image Include="images_sho\BlackRook.png">
      <Filter>Resource Files</Filter>
    </Image>
    <Image Include="images_sho\WhiteAdvisor.png">
      <Filter>Resource Files</Filter>
    </Image>
    <Image Include="images_sho\WhiteBishop.png">
      <Filter>Resource Files</Filter>
    </Image>
    <Image Include="images_sho\WhiteCrownedBishop.png">
      <Filter>Resource Files</Filter>
    </Image>
    <Image Include="images_sho\WhiteCrownedRook.png">
      <Filter>Resource Files</Filter>
    </Image>
    <Image Include="images_sho\WhiteElephant.png">
      <Filter>Resource Files</Filter>
    </Image>
    <Image Include="images_sho\WhiteGold.png">
      <Filter>Resource Files</Filter>
    </Image>
    <Image Include="images_sho\WhiteGoldKnight.png">
      <Filter>Resource Files</Filter>
    </Image>
    <Image Include="images_sho\WhiteGoldLance.png">
      <Filter>Resource Files</Filter>
    </Image>
    <Image Include="images_sho\WhiteGoldPawn.png">
      <Filter>Resource Files</Filter>
    </Image>
    <Image Include="images_sho\WhiteGoldSilver.png">
      <Filter>Resource Files</Filter>
    </Image>
    <Image Include="images_sho\WhiteKing.png">
      <Filter>Resource Files</Filter>
    </Image>
    <Image Include="images_sho\WhiteKnight.png">
      <Filter>Resource Files</Filter>
    </Image>
    <Image Include="images_sho\WhiteLance.png">
      <Filter>Resource Files</Filter>
    </Image>
    <Image Include="images_sho\WhitePawn.png">
      <Filter>Resource Files</Filter>
    </Image>
    <Image Include="images_sho\WhiteRook.png">
      <Filter>Resource Files</Filter>
    </Image>
    <Image Include="images_jap\BlackPromoBishop.png">
      <Filter>Resource Files</Filter>
    </Image>
    <Image Include="images_jap\BlackPromoCrownedBishop.png">
      <Filter>Resource Files</Filter>
    </Image>
    <Image Include="images_jap\BlackPromoCrownedRook.png">
      <Filter>Resource Files</Filter>
    </Image>
    <Image Include="images_jap\BlackPromoElephant.png">
      <Filter>Resource Files</Filter>
    </Image>
    <Image Include="images_jap\BlackPromoHSword.png">
      <Filter>Resource Files</Filter>
    </Image>
    <Image Include="images_jap\BlackPromoLion.png">
      <Filter>Resource Files</Filter>
    </Image>
    <Image Include="images_jap\BlackPromoQueen.png">
      <Filter>Resource Files</Filter>
    </Image>
    <Image Include="images_jap\BlackPromoRook.png">
      <Filter>Resource Files</Filter>
    </Image>
    <Image Include="images_jap\BlackPromoSword.png">
      <Filter>Resource Files</Filter>
    </Image>
    <Image Include="images_jap\WhitePromoBishop.png">
      <Filter>Resource Files</Filter>
    </Image>
    <Image Include="images_jap\WhitePromoCrownedBishop.png">
      <Filter>Resource Files</Filter>
    </Image>
    <Image Include="images_jap\WhitePromoCrownedRook.png">
      <Filter>Resource Files</Filter>
    </Image>
    <Image Include="images_jap\WhitePromoElephant.png">
      <Filter>Resource Files</Filter>
    </Image>
    <Image Include="images_jap\WhitePromoHSword.png">
      <Filter>Resource Files</Filter>
    </Image>
    <Image Include="images_jap\WhitePromoLion.png">
      <Filter>Resource Files</Filter>
    </Image>
    <Image Include="images_jap\WhitePromoQueen.png">
      <Filter>Resource Files</Filter>
    </Image>
    <Image Include="images_jap\WhitePromoRook.png">
      <Filter>Resource Files</Filter>
    </Image>
    <Image Include="images_jap\WhitePromoSword.png">
      <Filter>Resource Files</Filter>
    </Image>
    <Image Include="images\BlackDragon.png">
      <Filter>Resource Files</Filter>
    </Image>
    <Image Include="images\BlackGnu.png">
      <Filter>Resource Files</Filter>
    </Image>
    <Image Include="images\BlackIron.png">
      <Filter>Resource Files</Filter>
    </Image>
    <Image Include="images\BlackPromoHSword.png">
      <Filter>Resource Files</Filter>
    </Image>
    <Image Include="images\BlackPromoSword.png">
      <Filter>Resource Files</Filter>
    </Image>
    <Image Include="images\BlackTower.png">
      <Filter>Resource Files</Filter>
    </Image>
    <Image Include="images\BlackWolf.png">
      <Filter>Resource Files</Filter>
    </Image>
    <Image Include="images\WhiteDragon.png">
      <Filter>Resource Files</Filter>
    </Image>
    <Image Include="images\WhiteGnu.png">
      <Filter>Resource Files</Filter>
    </Image>
    <Image Include="images\WhiteIron.png">
      <Filter>Resource Files</Filter>
    </Image>
    <Image Include="images\WhitePromoHSword.png">
      <Filter>Resource Files</Filter>
    </Image>
    <Image Include="images\WhitePromoSword.png">
      <Filter>Resource Files</Filter>
    </Image>
    <Image Include="images\WhiteTower.png">
      <Filter>Resource Files</Filter>
    </Image>
    <Image Include="images\WhiteWolf.png">
      <Filter>Resource Files</Filter>
    </Image>
    <Image Include="images_wa\B+CloudEagle.png">
      <Filter>Resource Files</Filter>
    </Image>
    <Image Include="images_wa\B+FlyingFalcon.png">
      <Filter>Resource Files</Filter>
    </Image>
    <Image Include="images_wa\B+GlidingSwallow.png">
      <Filter>Resource Files</Filter>
    </Image>
    <Image Include="images_wa\B+Swallowswings.png">
      <Filter>Resource Files</Filter>
    </Image>
    <Image Include="images_wa\B+TreacherousFox.png">
      <Filter>Resource Files</Filter>
    </Image>
    <Image Include="images_wa\B+ViolentStag.png">
      <Filter>Resource Files</Filter>
    </Image>
    <Image Include="images_wa\B+ViolentWolf.png">
      <Filter>Resource Files</Filter>
    </Image>
    <Image Include="images_wa\BBearEyes.png">
      <Filter>Resource Files</Filter>
    </Image>
    <Image Include="images_wa\BBlinddog.png">
      <Filter>Resource Files</Filter>
    </Image>
    <Image Include="images_wa\BClimbingMonkey.png">
      <Filter>Resource Files</Filter>
    </Image>
    <Image Include="images_wa\BCloudEagle.png">
      <Filter>Resource Files</Filter>
    </Image>
    <Image Include="images_wa\Bcraneking.png">
      <Filter>Resource Files</Filter>
    </Image>
    <Image Include="images_wa\BFlyingCockerel.png">
      <Filter>Resource Files</Filter>
    </Image>
    <Image Include="images_wa\BFlyingFalcon.png">
      <Filter>Resource Files</Filter>
    </Image>
    <Image Include="images_wa\BFlyingGoose.png">
      <Filter>Resource Files</Filter>
    </Image>
    <Image Include="images_wa\BGlidingSwallow.png">
      <Filter>Resource Files</Filter>
    </Image>
    <Image Include="images_wa\BGoldenBird.png">
      <Filter>Resource Files</Filter>
    </Image>
    <Image Include="images_wa\BHeavenlyHorse.png">
      <Filter>Resource Files</Filter>
    </Image>
    <Image Include="images_wa\BLiberatedHorse.png">
      <Filter>Resource Files</Filter>
    </Image>
    <Image Include="images_wa\Boxcart.png">
      <Filter>Resource Files</Filter>
    </Image>
    <Image Include="images_wa\BPloddingOx.png">
      <Filter>Resource Files</Filter>
    </Image>
    <Image Include="images_wa\BRaidingFalcon.png">
      <Filter>Resource Files</Filter>
    </Image>
    <Image Include="images_wa\BRoamingBoar.png">
      <Filter>Resource Files</Filter>
    </Image>
    <Image Include="images_wa\BRunningRabbit.png">
      <Filter>Resource Files</Filter>
    </Image>
    <Image Include="images_wa\BSparrowPawn.png">
      <Filter>Resource Files</Filter>
    </Image>
    <Image Include="images_wa\BStruttingCrow.png">
      <Filter>Resource Files</Filter>
    </Image>
    <Image Include="images_wa\BSwallowswings.png">
      <Filter>Resource Files</Filter>
    </Image>
    <Image Include="images_wa\BSwoopingOwl.png">
      <Filter>Resource Files</Filter>
    </Image>
    <Image Include="images_wa\BTenaciousFalcon.png">
      <Filter>Resource Files</Filter>
    </Image>
    <Image Include="images_wa\BTreacherousFox.png">
      <Filter>Resource Files</Filter>
    </Image>
    <Image Include="images_wa\BViolentStag.png">
      <Filter>Resource Files</Filter>
    </Image>
    <Image Include="images_wa\BViolentWolf.png">
      <Filter>Resource Files</Filter>
    </Image>
    <Image Include="images_wa\W+CloudEagle.png">
      <Filter>Resource Files</Filter>
    </Image>
    <Image Include="images_wa\W+FlyingFalcon.png">
      <Filter>Resource Files</Filter>
    </Image>
    <Image Include="images_wa\W+GlidingSwallow.png">
      <Filter>Resource Files</Filter>
    </Image>
    <Image Include="images_wa\W+Swallowswings.png">
      <Filter>Resource Files</Filter>
    </Image>
    <Image Include="images_wa\W+TreacherousFox.png">
      <Filter>Resource Files</Filter>
    </Image>
    <Image Include="images_wa\W+ViolentStag.png">
      <Filter>Resource Files</Filter>
    </Image>
    <Image Include="images_wa\W+ViolentWolf.png">
      <Filter>Resource Files</Filter>
    </Image>
    <Image Include="images_wa\WBearEyes.png">
      <Filter>Resource Files</Filter>
    </Image>
    <Image Include="images_wa\WBlinddog.png">
      <Filter>Resource Files</Filter>
    </Image>
    <Image Include="images_wa\WClimbingMonkey.png">
      <Filter>Resource Files</Filter>
    </Image>
    <Image Include="images_wa\WCloudEagle.png">
      <Filter>Resource Files</Filter>
    </Image>
    <Image Include="images_wa\Wcraneking.png">
      <Filter>Resource Files</Filter>
    </Image>
    <Image Include="images_wa\WFlyingCockerel.png">
      <Filter>Resource Files</Filter>
    </Image>
    <Image Include="images_wa\WFlyingFalcon.png">
      <Filter>Resource Files</Filter>
    </Image>
    <Image Include="images_wa\WFlyingGoose.png">
      <Filter>Resource Files</Filter>
    </Image>
    <Image Include="images_wa\WGlidingSwallow.png">
      <Filter>Resource Files</Filter>
    </Image>
    <Image Include="images_wa\WGoldenBird.png">
      <Filter>Resource Files</Filter>
    </Image>
    <Image Include="images_wa\WHeavenlyHorse.png">
      <Filter>Resource Files</Filter>
    </Image>
    <Image Include="images_wa\WLiberatedHorse.png">
      <Filter>Resource Files</Filter>
    </Image>
    <Image Include="images_wa\Woxcart.png">
      <Filter>Resource Files</Filter>
    </Image>
    <Image Include="images_wa\WPloddingOx.png">
      <Filter>Resource Files</Filter>
    </Image>
    <Image Include="images_wa\WRaidingFalcon.png">
      <Filter>Resource Files</Filter>
    </Image>
    <Image Include="images_wa\WRoamingBoar.png">
      <Filter>Resource Files</Filter>
    </Image>
    <Image Include="images_wa\WRunningRabbit.png">
      <Filter>Resource Files</Filter>
    </Image>
    <Image Include="images_wa\WSparrowPawn.png">
      <Filter>Resource Files</Filter>
    </Image>
    <Image Include="images_wa\WStruttingCrow.png">
      <Filter>Resource Files</Filter>
    </Image>
    <Image Include="images_wa\WSwallowswings.png">
      <Filter>Resource Files</Filter>
    </Image>
    <Image Include="images_wa\WSwoopingOwl.png">
      <Filter>Resource Files</Filter>
    </Image>
    <Image Include="images_wa\WTenaciousFalcon.png">
      <Filter>Resource Files</Filter>
    </Image>
    <Image Include="images_wa\WTreacherousFox.png">
      <Filter>Resource Files</Filter>
    </Image>
    <Image Include="images_wa\WViolentStag.png">
      <Filter>Resource Files</Filter>
    </Image>
    <Image Include="images_wa\WViolentWolf.png">
      <Filter>Resource Files</Filter>
    </Image>
  </ItemGroup>
</Project>