<?xml version="1.0" encoding="utf-8"?>
<Project ToolsVersion="4.0" xmlns="http://schemas.microsoft.com/developer/msbuild/2003">
  <ItemGroup>
    <Filter Include="Source Files">
      <UniqueIdentifier>{4FC737F1-C7A5-4376-A066-2A32D752A2FF}</UniqueIdentifier>
      <Extensions>cpp;c;cc;cxx;def;odl;idl;hpj;bat;asm;asmx</Extensions>
    </Filter>
    <Filter Include="Header Files">
      <UniqueIdentifier>{93995380-89BD-4b04-88EB-625FBE52EBFB}</UniqueIdentifier>
      <Extensions>h;hh;hpp;hxx;hm;inl;inc;xsd</Extensions>
    </Filter>
    <Filter Include="Resource Files">
      <UniqueIdentifier>{D9D6E242-F8AF-46E4-B9FD-80ECBC20BA3E}</UniqueIdentifier>
      <Extensions>qrc;*</Extensions>
      <ParseFiles>false</ParseFiles>
    </Filter>
    <Filter Include="Form Files">
      <UniqueIdentifier>{99349809-55BA-4b9d-BF79-8FDBB0286EB3}</UniqueIdentifier>
      <Extensions>ui</Extensions>
    </Filter>
    <Filter Include="Resource Files">
      <UniqueIdentifier>{D9D6E242-F8AF-46E4-B9FD-80ECBC20BA3E}</UniqueIdentifier>
      <Extensions>qrc;*</Extensions>
      <ParseFiles>false</ParseFiles>
    </Filter>
    <Filter Include="Generated Files">
      <UniqueIdentifier>{71ED8ED8-ACB9-4CE9-BBE1-E00B30144E11}</UniqueIdentifier>
      <Extensions>moc;h;cpp</Extensions>
      <SourceControlFiles>False</SourceControlFiles>
    </Filter>
  </ItemGroup>
  <ItemGroup>
    <ClCompile Include="Board.cpp">
      <Filter>Source Files</Filter>
    </ClCompile>
    <ClCompile Include="ChessBoard.cpp">
      <Filter>Source Files</Filter>
    </ClCompile>
    <ClCompile Include="ChessPiece.cpp">
      <Filter>Source Files</Filter>
    </ClCompile>
    <ClCompile Include="ChuShogiBoard.cpp">
      <Filter>Source Files</Filter>
    </ClCompile>
    <ClCompile Include="ChuShogiPiece.cpp">
      <Filter>Source Files</Filter>
    </ClCompile>
    <ClCompile Include="main.cpp">
      <Filter>Source Files</Filter>
    </ClCompile>
    <ClCompile Include="mainwindow.cpp">
      <Filter>Source Files</Filter>
    </ClCompile>
    <ClCompile Include="GeneratedFiles\Debug\moc_mainwindow.cpp">
      <Filter>Generated Files</Filter>
    </ClCompile>
    <ClCompile Include="GeneratedFiles\Release\moc_mainwindow.cpp">
      <Filter>Generated Files</Filter>
    </ClCompile>
    <ClCompile Include="Piece.cpp">
      <Filter>Source Files</Filter>
    </ClCompile>
    <ClCompile Include="GeneratedFiles\qrc_resources.cpp">
      <Filter>Generated Files</Filter>
    </ClCompile>
    <ClCompile Include="settingsdialog.cpp">
      <Filter>Source Files</Filter>
    </ClCompile>
    <ClCompile Include="GeneratedFiles\Debug\moc_settingsdialog.cpp">
      <Filter>Generated Files</Filter>
    </ClCompile>
    <ClCompile Include="GeneratedFiles\Release\moc_settingsdialog.cpp">
      <Filter>Generated Files</Filter>
    </ClCompile>
    <ClCompile Include="vboard.cpp">
      <Filter>Source Files</Filter>
    </ClCompile>
    <ClCompile Include="GeneratedFiles\Debug\moc_vboard.cpp">
      <Filter>Generated Files</Filter>
    </ClCompile>
    <ClCompile Include="GeneratedFiles\Release\moc_vboard.cpp">
      <Filter>Generated Files</Filter>
    </ClCompile>
    <ClCompile Include="ShogiPiece.cpp">
      <Filter>Source Files</Filter>
    </ClCompile>
    <ClCompile Include="XiangqiPiece.cpp">
      <Filter>Source Files</Filter>
    </ClCompile>
    <ClCompile Include="ShogiBoard.cpp">
      <Filter>Source Files</Filter>
    </ClCompile>
    <ClCompile Include="XiangqiBoard.cpp">
      <Filter>Source Files</Filter>
    </ClCompile>
    <ClCompile Include="Engine.cpp">
      <Filter>Source Files</Filter>
    </ClCompile>
    <ClCompile Include="WbEngine.cpp">
      <Filter>Source Files</Filter>
    </ClCompile>
    <ClCompile Include="UciEngine.cpp">
      <Filter>Source Files</Filter>
    </ClCompile>
    <ClCompile Include="QianhongEngine.cpp">
      <Filter>Source Files</Filter>
    </ClCompile>
    <ClCompile Include="UcciEngine.cpp">
      <Filter>Source Files</Filter>
    </ClCompile>
    <ClCompile Include="UsiEngine.cpp">
      <Filter>Source Files</Filter>
    </ClCompile>
    <ClCompile Include="MiniShogiBoard.cpp">
      <Filter>Source Files</Filter>
    </ClCompile>
    <ClCompile Include="comboboxitemdelegate.cpp">
      <Filter>Source Files</Filter>
    </ClCompile>
    <ClCompile Include="GeneratedFiles\Debug\moc_comboboxitemdelegate.cpp">
      <Filter>Generated Files</Filter>
    </ClCompile>
    <ClCompile Include="GeneratedFiles\Release\moc_comboboxitemdelegate.cpp">
      <Filter>Generated Files</Filter>
    </ClCompile>
    <ClCompile Include="enginemanager.cpp">
      <Filter>Source Files</Filter>
    </ClCompile>
    <ClCompile Include="GeneratedFiles\Debug\moc_enginemanager.cpp">
      <Filter>Generated Files</Filter>
    </ClCompile>
    <ClCompile Include="GeneratedFiles\Release\moc_enginemanager.cpp">
      <Filter>Generated Files</Filter>
    </ClCompile>
    <ClCompile Include="addenginedialog.cpp">
      <Filter>Source Files</Filter>
    </ClCompile>
    <ClCompile Include="GeneratedFiles\Debug\moc_addenginedialog.cpp">
      <Filter>Generated Files</Filter>
    </ClCompile>
    <ClCompile Include="GeneratedFiles\Release\moc_addenginedialog.cpp">
      <Filter>Generated Files</Filter>
    </ClCompile>
  </ItemGroup>
  <ItemGroup>
    <ClInclude Include="Board.h">
      <Filter>Header Files</Filter>
    </ClInclude>
    <ClInclude Include="ChessBoard.h">
      <Filter>Header Files</Filter>
    </ClInclude>
    <ClInclude Include="ChessPiece.h">
      <Filter>Header Files</Filter>
    </ClInclude>
    <ClInclude Include="ChuShogiBoard.h">
      <Filter>Header Files</Filter>
    </ClInclude>
    <ClInclude Include="ChuShogiPiece.h">
      <Filter>Header Files</Filter>
    </ClInclude>
    <ClInclude Include="Common.h">
      <Filter>Header Files</Filter>
    </ClInclude>
    <ClInclude Include="GeneratedFiles\ui_mainwindow.h">
      <Filter>Generated Files</Filter>
    </ClInclude>
    <ClInclude Include="Piece.h">
      <Filter>Header Files</Filter>
    </ClInclude>
    <ClInclude Include="GeneratedFiles\ui_settingsdialog.h">
      <Filter>Generated Files</Filter>
    </ClInclude>
    <ClInclude Include="ShogiPiece.h">
      <Filter>Header Files</Filter>
    </ClInclude>
    <ClInclude Include="XiangqiPiece.h">
      <Filter>Header Files</Filter>
    </ClInclude>
    <ClInclude Include="ShogiBoard.h">
      <Filter>Header Files</Filter>
    </ClInclude>
    <ClInclude Include="XiangqiBoard.h">
      <Filter>Header Files</Filter>
    </ClInclude>
    <ClInclude Include="Engine.h">
      <Filter>Header Files</Filter>
    </ClInclude>
    <ClInclude Include="WbEngine.h">
      <Filter>Header Files</Filter>
    </ClInclude>
    <ClInclude Include="UciEngine.h">
      <Filter>Header Files</Filter>
    </ClInclude>
    <ClInclude Include="QianhongEngine.h">
      <Filter>Header Files</Filter>
    </ClInclude>
    <ClInclude Include="UcciEngine.h">
      <Filter>Header Files</Filter>
    </ClInclude>
    <ClInclude Include="UsiEngine.h">
      <Filter>Header Files</Filter>
    </ClInclude>
    <ClInclude Include="MiniShogiBoard.h">
      <Filter>Header Files</Filter>
    </ClInclude>
    <ClInclude Include="GeneratedFiles\ui_enginemanager.h">
      <Filter>Generated Files</Filter>
    </ClInclude>
    <ClInclude Include="GeneratedFiles\ui_addenginedialog.h">
      <Filter>Generated Files</Filter>
    </ClInclude>
  </ItemGroup>
  <ItemGroup>
    <CustomBuild Include="mainwindow.h">
      <Filter>Header Files</Filter>
    </CustomBuild>
    <CustomBuild Include="mainwindow.ui">
      <Filter>Form Files</Filter>
    </CustomBuild>
    <CustomBuild Include="resources.qrc">
      <Filter>Resource Files</Filter>
    </CustomBuild>
    <CustomBuild Include="settingsdialog.h">
      <Filter>Header Files</Filter>
    </CustomBuild>
    <CustomBuild Include="settingsdialog.ui">
      <Filter>Form Files</Filter>
    </CustomBuild>
    <CustomBuild Include="vboard.h">
      <Filter>Header Files</Filter>
    </CustomBuild>
    <CustomBuild Include="comboboxitemdelegate.h">
      <Filter>Header Files</Filter>
    </CustomBuild>
    <CustomBuild Include="enginemanager.h">
      <Filter>Header Files</Filter>
    </CustomBuild>
    <CustomBuild Include="enginemanager.ui">
      <Filter>Form Files</Filter>
    </CustomBuild>
    <CustomBuild Include="addenginedialog.h">
      <Filter>Header Files</Filter>
    </CustomBuild>
    <CustomBuild Include="addenginedialog.ui">
      <Filter>Form Files</Filter>
    </CustomBuild>
  </ItemGroup>
  <ItemGroup>
    <Image Include="toolbar\About.png">
      <Filter>Resource Files</Filter>
    </Image>
    <Image Include="toolbar\Exit.png">
      <Filter>Resource Files</Filter>
    </Image>
    <Image Include="toolbar\Open.png">
      <Filter>Resource Files</Filter>
    </Image>
    <Image Include="toolbar\Save.png">
      <Filter>Resource Files</Filter>
    </Image>
    <Image Include="toolbar\Settings.png">
      <Filter>Resource Files</Filter>
    </Image>
    <Image Include="images\BlackAdvisor.png">
      <Filter>Resource Files</Filter>
    </Image>
    <Image Include="images\BlackArchbishop.png">
      <Filter>Resource Files</Filter>
    </Image>
    <Image Include="images\BlackBishop.png">
      <Filter>Resource Files</Filter>
    </Image>
    <Image Include="images\BlackCanon.png">
      <Filter>Resource Files</Filter>
    </Image>
    <Image Include="images\BlackChancellor.png">
      <Filter>Resource Files</Filter>
    </Image>
    <Image Include="images\BlackClaw.png">
      <Filter>Resource Files</Filter>
    </Image>
    <Image Include="images\BlackCobra.png">
      <Filter>Resource Files</Filter>
    </Image>
    <Image Include="images\BlackCommoner.png">
      <Filter>Resource Files</Filter>
    </Image>
    <Image Include="images\BlackCrownedBishop.png">
      <Filter>Resource Files</Filter>
    </Image>
    <Image Include="images\BlackCrownedRook.png">
      <Filter>Resource Files</Filter>
    </Image>
    <Image Include="images\BlackDolphin.png">
      <Filter>Resource Files</Filter>
    </Image>
    <Image Include="images\BlackElephant.png">
      <Filter>Resource Files</Filter>
    </Image>
    <Image Include="images\BlackGold.png">
      <Filter>Resource Files</Filter>
    </Image>
    <Image Include="images\BlackHawk.png">
      <Filter>Resource Files</Filter>
    </Image>
    <Image Include="images\BlackHCrown.png">
      <Filter>Resource Files</Filter>
    </Image>
    <Image Include="images\BlackHSword.png">
      <Filter>Resource Files</Filter>
    </Image>
    <Image Include="images\BlackKing.png">
      <Filter>Resource Files</Filter>
    </Image>
    <Image Include="images\BlackKnight.png">
      <Filter>Resource Files</Filter>
    </Image>
    <Image Include="images\BlackLance.png">
      <Filter>Resource Files</Filter>
    </Image>
    <Image Include="images\BlackLeopard.png">
      <Filter>Resource Files</Filter>
    </Image>
    <Image Include="images\BlackLion.png">
      <Filter>Resource Files</Filter>
    </Image>
    <Image Include="images\BlackMarshall.png">
      <Filter>Resource Files</Filter>
    </Image>
    <Image Include="images\BlackPawn.png">
      <Filter>Resource Files</Filter>
    </Image>
    <Image Include="images\BlackPrince.png">
      <Filter>Resource Files</Filter>
    </Image>
    <Image Include="images\BlackPrincess.png">
      <Filter>Resource Files</Filter>
    </Image>
    <Image Include="images\BlackQueen.png">
      <Filter>Resource Files</Filter>
    </Image>
    <Image Include="images\BlackRook.png">
      <Filter>Resource Files</Filter>
    </Image>
    <Image Include="images\BlackSword.png">
      <Filter>Resource Files</Filter>
    </Image>
    <Image Include="images\BlackTokin.png">
      <Filter>Resource Files</Filter>
    </Image>
    <Image Include="images\BlackUnicorn.png">
      <Filter>Resource Files</Filter>
    </Image>
    <Image Include="images\WhiteAdvisor.png">
      <Filter>Resource Files</Filter>
    </Image>
    <Image Include="images\WhiteArchbishop.png">
      <Filter>Resource Files</Filter>
    </Image>
    <Image Include="images\WhiteBishop.png">
      <Filter>Resource Files</Filter>
    </Image>
    <Image Include="images\WhiteCanon.png">
      <Filter>Resource Files</Filter>
    </Image>
    <Image Include="images\WhiteChancellor.png">
      <Filter>Resource Files</Filter>
    </Image>
    <Image Include="images\WhiteClaw.png">
      <Filter>Resource Files</Filter>
    </Image>
    <Image Include="images\WhiteCobra.png">
      <Filter>Resource Files</Filter>
    </Image>
    <Image Include="images\WhiteCommoner.png">
      <Filter>Resource Files</Filter>
    </Image>
    <Image Include="images\WhiteCrownedBishop.png">
      <Filter>Resource Files</Filter>
    </Image>
    <Image Include="images\WhiteCrownedRook.png">
      <Filter>Resource Files</Filter>
    </Image>
    <Image Include="images\WhiteDolphin.png">
      <Filter>Resource Files</Filter>
    </Image>
    <Image Include="images\WhiteElephant.png">
      <Filter>Resource Files</Filter>
    </Image>
    <Image Include="images\WhiteGold.png">
      <Filter>Resource Files</Filter>
    </Image>
    <Image Include="images\WhiteHawk.png">
      <Filter>Resource Files</Filter>
    </Image>
    <Image Include="images\WhiteHCrown.png">
      <Filter>Resource Files</Filter>
    </Image>
    <Image Include="images\WhiteHSword.png">
      <Filter>Resource Files</Filter>
    </Image>
    <Image Include="images\WhiteKing.png">
      <Filter>Resource Files</Filter>
    </Image>
    <Image Include="images\WhiteKnight.png">
      <Filter>Resource Files</Filter>
    </Image>
    <Image Include="images\WhiteLance.png">
      <Filter>Resource Files</Filter>
    </Image>
    <Image Include="images\WhiteLeopard.png">
      <Filter>Resource Files</Filter>
    </Image>
    <Image Include="images\WhiteLion.png">
      <Filter>Resource Files</Filter>
    </Image>
    <Image Include="images\WhiteMarshall.png">
      <Filter>Resource Files</Filter>
    </Image>
    <Image Include="images\WhitePawn.png">
      <Filter>Resource Files</Filter>
    </Image>
    <Image Include="images\WhitePrince.png">
      <Filter>Resource Files</Filter>
    </Image>
    <Image Include="images\WhitePrincess.png">
      <Filter>Resource Files</Filter>
    </Image>
    <Image Include="images\WhiteQueen.png">
      <Filter>Resource Files</Filter>
    </Image>
    <Image Include="images\WhiteRook.png">
      <Filter>Resource Files</Filter>
    </Image>
    <Image Include="images\WhiteSword.png">
      <Filter>Resource Files</Filter>
    </Image>
    <Image Include="images\WhiteTokin.png">
      <Filter>Resource Files</Filter>
    </Image>
    <Image Include="images\WhiteUnicorn.png">
      <Filter>Resource Files</Filter>
    </Image>
    <Image Include="images_jap\BlackAdvisor.png">
      <Filter>Resource Files</Filter>
    </Image>
    <Image Include="images_jap\BlackArchbishop.png">
      <Filter>Resource Files</Filter>
    </Image>
    <Image Include="images_jap\BlackBishop.png">
      <Filter>Resource Files</Filter>
    </Image>
    <Image Include="images_jap\BlackCanon.png">
      <Filter>Resource Files</Filter>
    </Image>
    <Image Include="images_jap\BlackChancellor.png">
      <Filter>Resource Files</Filter>
    </Image>
    <Image Include="images_jap\BlackClaw.png">
      <Filter>Resource Files</Filter>
    </Image>
    <Image Include="images_jap\BlackCobra.png">
      <Filter>Resource Files</Filter>
    </Image>
    <Image Include="images_jap\BlackCommoner.png">
      <Filter>Resource Files</Filter>
    </Image>
    <Image Include="images_jap\BlackCrownedBishop.png">
      <Filter>Resource Files</Filter>
    </Image>
    <Image Include="images_jap\BlackCrownedRook.png">
      <Filter>Resource Files</Filter>
    </Image>
    <Image Include="images_jap\BlackDolphin.png">
      <Filter>Resource Files</Filter>
    </Image>
    <Image Include="images_jap\BlackElephant.png">
      <Filter>Resource Files</Filter>
    </Image>
    <Image Include="images_jap\BlackGold.png">
      <Filter>Resource Files</Filter>
    </Image>
    <Image Include="images_jap\BlackHawk.png">
      <Filter>Resource Files</Filter>
    </Image>
    <Image Include="images_jap\BlackHCrown.png">
      <Filter>Resource Files</Filter>
    </Image>
    <Image Include="images_jap\BlackHSword.png">
      <Filter>Resource Files</Filter>
    </Image>
    <Image Include="images_jap\BlackKing.png">
      <Filter>Resource Files</Filter>
    </Image>
    <Image Include="images_jap\BlackKnight.png">
      <Filter>Resource Files</Filter>
    </Image>
    <Image Include="images_jap\BlackLance.png">
      <Filter>Resource Files</Filter>
    </Image>
    <Image Include="images_jap\BlackLeopard.png">
      <Filter>Resource Files</Filter>
    </Image>
    <Image Include="images_jap\BlackLion.png">
      <Filter>Resource Files</Filter>
    </Image>
    <Image Include="images_jap\BlackMarshall.png">
      <Filter>Resource Files</Filter>
    </Image>
    <Image Include="images_jap\BlackPawn.png">
      <Filter>Resource Files</Filter>
    </Image>
    <Image Include="images_jap\BlackPrince.png">
      <Filter>Resource Files</Filter>
    </Image>
    <Image Include="images_jap\BlackPrincess.png">
      <Filter>Resource Files</Filter>
    </Image>
    <Image Include="images_jap\BlackQueen.png">
      <Filter>Resource Files</Filter>
    </Image>
    <Image Include="images_jap\BlackRook.png">
      <Filter>Resource Files</Filter>
    </Image>
    <Image Include="images_jap\BlackSword.png">
      <Filter>Resource Files</Filter>
    </Image>
    <Image Include="images_jap\BlackTokin.png">
      <Filter>Resource Files</Filter>
    </Image>
    <Image Include="images_jap\BlackUnicorn.png">
      <Filter>Resource Files</Filter>
    </Image>
    <Image Include="images_jap\WhiteAdvisor.png">
      <Filter>Resource Files</Filter>
    </Image>
    <Image Include="images_jap\WhiteArchbishop.png">
      <Filter>Resource Files</Filter>
    </Image>
    <Image Include="images_jap\WhiteBishop.png">
      <Filter>Resource Files</Filter>
    </Image>
    <Image Include="images_jap\WhiteCanon.png">
      <Filter>Resource Files</Filter>
    </Image>
    <Image Include="images_jap\WhiteChancellor.png">
      <Filter>Resource Files</Filter>
    </Image>
    <Image Include="images_jap\WhiteClaw.png">
      <Filter>Resource Files</Filter>
    </Image>
    <Image Include="images_jap\WhiteCobra.png">
      <Filter>Resource Files</Filter>
    </Image>
    <Image Include="images_jap\WhiteCommoner.png">
      <Filter>Resource Files</Filter>
    </Image>
    <Image Include="images_jap\WhiteCrownedBishop.png">
      <Filter>Resource Files</Filter>
    </Image>
    <Image Include="images_jap\WhiteCrownedRook.png">
      <Filter>Resource Files</Filter>
    </Image>
    <Image Include="images_jap\WhiteDolphin.png">
      <Filter>Resource Files</Filter>
    </Image>
    <Image Include="images_jap\WhiteElephant.png">
      <Filter>Resource Files</Filter>
    </Image>
    <Image Include="images_jap\WhiteGold.png">
      <Filter>Resource Files</Filter>
    </Image>
    <Image Include="images_jap\WhiteHawk.png">
      <Filter>Resource Files</Filter>
    </Image>
    <Image Include="images_jap\WhiteHCrown.png">
      <Filter>Resource Files</Filter>
    </Image>
    <Image Include="images_jap\WhiteHSword.png">
      <Filter>Resource Files</Filter>
    </Image>
    <Image Include="images_jap\WhiteKing.png">
      <Filter>Resource Files</Filter>
    </Image>
    <Image Include="images_jap\WhiteKnight.png">
      <Filter>Resource Files</Filter>
    </Image>
    <Image Include="images_jap\WhiteLance.png">
      <Filter>Resource Files</Filter>
    </Image>
    <Image Include="images_jap\WhiteLeopard.png">
      <Filter>Resource Files</Filter>
    </Image>
    <Image Include="images_jap\WhiteLion.png">
      <Filter>Resource Files</Filter>
    </Image>
    <Image Include="images_jap\WhiteMarshall.png">
      <Filter>Resource Files</Filter>
    </Image>
    <Image Include="images_jap\WhitePawn.png">
      <Filter>Resource Files</Filter>
    </Image>
    <Image Include="images_jap\WhitePrince.png">
      <Filter>Resource Files</Filter>
    </Image>
    <Image Include="images_jap\WhitePrincess.png">
      <Filter>Resource Files</Filter>
    </Image>
    <Image Include="images_jap\WhiteQueen.png">
      <Filter>Resource Files</Filter>
    </Image>
    <Image Include="images_jap\WhiteRook.png">
      <Filter>Resource Files</Filter>
    </Image>
    <Image Include="images_jap\WhiteSword.png">
      <Filter>Resource Files</Filter>
    </Image>
    <Image Include="images_jap\WhiteTokin.png">
      <Filter>Resource Files</Filter>
    </Image>
    <Image Include="images_jap\WhiteUnicorn.png">
      <Filter>Resource Files</Filter>
    </Image>
    <Image Include="toolbar\New.png">
      <Filter>Resource Files</Filter>
    </Image>
    <Image Include="toolbar\Stop.png">
      <Filter>Resource Files</Filter>
    </Image>
    <Image Include="toolbar\Table.png">
      <Filter>Resource Files</Filter>
    </Image>
    <Image Include="toolbar\Add.png">
      <Filter>Resource Files</Filter>
    </Image>
    <Image Include="toolbar\Edit.png">
      <Filter>Resource Files</Filter>
    </Image>
    <Image Include="toolbar\Remove.png">
      <Filter>Resource Files</Filter>
    </Image>
  </ItemGroup>
</Project>